{
  "originHash" : "50736167b049e7dc53687741577336691090514dbc708f8a89122eb40ea9946c",
  "pins" : [
    {
      "identity" : "gifu",
      "kind" : "remoteSourceControl",
      "location" : "https://github.com/agg23/Gifu",
      "state" : {
        "branch" : "master",
        "revision" : "e8090f3b9313c89833258d8edd56b48208214fcf"
      }
    }
  ],
  "version" : 3
}
